
Microsoft Visual Studio Solution File, Format Version 12.00
# Visual Studio Version 16
VisualStudioVersion = 16.0.30114.105
MinimumVisualStudioVersion = 10.0.40219.1
Project("{FAE04EC0-301F-11D3-BF4B-00C04F79EFBC}") = "demoForApi31", "demoForApi31\demoForApi31.csproj", "{4F531B89-C755-4036-8726-4793E658287B}"
EndProject
Project("{FAE04EC0-301F-11D3-BF4B-00C04F79EFBC}") = "demoFor2Api31", "demoFor2Api31\demoFor2Api31.csproj", "{2FF7DCFA-DAFA-4472-B94A-1D3BF7BBA429}"
EndProject
Global
	GlobalSection(SolutionConfigurationPlatforms) = preSolution
		Debug|Any CPU = Debug|Any CPU
		Release|Any CPU = Release|Any CPU
	EndGlobalSection
	GlobalSection(SolutionProperties) = preSolution
		HideSolutionNode = FALSE
	EndGlobalSection
	GlobalSection(ProjectConfigurationPlatforms) = postSolution
		{4F531B89-C755-4036-8726-4793E658287B}.Debug|Any CPU.ActiveCfg = Debug|Any CPU
		{4F531B89-C755-4036-8726-4793E658287B}.Debug|Any CPU.Build.0 = Debug|Any CPU
		{4F531B89-C755-4036-8726-4793E658287B}.Release|Any CPU.ActiveCfg = Release|Any CPU
		{4F531B89-C755-4036-8726-4793E658287B}.Release|Any CPU.Build.0 = Release|Any CPU
		{2FF7DCFA-DAFA-4472-B94A-1D3BF7BBA429}.Debug|Any CPU.ActiveCfg = Debug|Any CPU
		{2FF7DCFA-DAFA-4472-B94A-1D3BF7BBA429}.Debug|Any CPU.Build.0 = Debug|Any CPU
		{2FF7DCFA-DAFA-4472-B94A-1D3BF7BBA429}.Release|Any CPU.ActiveCfg = Release|Any CPU
		{2FF7DCFA-DAFA-4472-B94A-1D3BF7BBA429}.Release|Any CPU.Build.0 = Release|Any CPU
	EndGlobalSection
EndGlobal
